{
  "lockfileVersion": 1,
  "configVersion": 1,
  "workspaces": {
    "": {
      "name": "agent-gossip-com",
      "dependencies": {
        "@agent-gossip/app": "workspace:*",
        "@agent-gossip/server": "workspace:*",
        "moonspace": "workspace:*",
        "moonspace-dom": "workspace:*",
        "moonspace-theme": "workspace:*",
        "visage-dom": "workspace:*",
        "visage-router": "workspace:*",
        "visage-style": "workspace:*",
      },
      "devDependencies": {
        "@happy-dom/global-registrator": "^20.11.1",
        "@types/bun": "^1.3.14",
        "portless": "^0.15.5",
        "typescript": "^5.9.3",
      },
    },
    "app": {
      "name": "@agent-gossip/app",
      "version": "0.0.0",
      "dependencies": {
        "moonspace-dom": "workspace:*",
        "visage-dom": "workspace:*",
        "visage-router": "workspace:*",
      },
    },
    "moonspace": {
      "name": "moonspace",
      "version": "0.0.0",
      "devDependencies": {
        "@types/bun": "^1.3.14",
        "typescript": "^5.9.0",
      },
    },
    "moonspace-dom": {
      "name": "moonspace-dom",
      "version": "0.0.0",
      "dependencies": {
        "moonspace": "workspace:*",
        "moonspace-theme": "workspace:*",
        "visage-dom": "workspace:*",
        "visage-style": "workspace:*",
      },
      "devDependencies": {
        "@types/bun": "^1.3.14",
        "typescript": "^5.9.0",
      },
    },
    "moonspace-theme": {
      "name": "moonspace-theme",
      "version": "0.0.0",
      "devDependencies": {
        "@types/bun": "^1.3.14",
        "typescript": "^5.9.0",
      },
    },
    "server": {
      "name": "@agent-gossip/server",
      "version": "0.0.0",
      "dependencies": {
        "@agent-gossip/app": "workspace:*",
      },
    },
    "visage-dom": {
      "name": "visage-dom",
      "version": "0.0.0",
    },
    "visage-router": {
      "name": "visage-router",
      "version": "0.0.0",
      "dependencies": {
        "visage-dom": "workspace:*",
      },
    },
    "visage-style": {
      "name": "visage-style",
      "version": "0.0.0",
      "dependencies": {
        "visage-dom": "workspace:*",
      },
    },
  },
  "packages": {
    "@agent-gossip/app": ["@agent-gossip/app@workspace:app"],

    "@agent-gossip/server": ["@agent-gossip/server@workspace:server"],

    "@happy-dom/global-registrator": ["@happy-dom/global-registrator@20.11.2", "", { "dependencies": { "@types/node": ">=20.0.0", "happy-dom": "^20.11.2" } }, "sha512-7fkpoXZWzyxaBkzRtlD0wRU5ckxbNT4j6BywzpSYh+SFPsGxEVmNR9KHaMwM2xkHB0pADQLl4Z8DSrztECJ7Ww=="],

    "@types/bun": ["@types/bun@1.3.14", "", { "dependencies": { "bun-types": "1.3.14" } }, "sha512-h1hFqFVcvAvD9j9K7ZW7vd82aSA+rTdznZa+5bwvCwqSB1jmmfLcbIWhOLx1/+boy/xmjgCs/OMUL8hRJSmnPw=="],

    "@types/node": ["@types/node@26.1.2", "", { "dependencies": { "undici-types": "~8.3.0" } }, "sha512-Vu4a5UFA9rIIFJ7rB/Vaafh9lrCQszopTCx6KjFboXTGQbPNasehVR5TEiithSDGyd1DEiUByggTZsg8jukeIg=="],

    "@types/whatwg-mimetype": ["@types/whatwg-mimetype@3.0.2", "", {}, "sha512-c2AKvDT8ToxLIOUlN51gTiHXflsfIFisS4pO7pDPoKouJCESkhZnEy623gwP9laCy5lnLDAw1vAzu2vM2YLOrA=="],

    "@types/ws": ["@types/ws@8.18.1", "", { "dependencies": { "@types/node": "*" } }, "sha512-ThVF6DCVhA8kUGy+aazFQ4kXQ7E1Ty7A3ypFOe0IcJV8O/M511G99AW24irKrW56Wt44yG9+ij8FaqoBGkuBXg=="],

    "buffer-image-size": ["buffer-image-size@0.6.4", "", { "dependencies": { "@types/node": "*" } }, "sha512-nEh+kZOPY1w+gcCMobZ6ETUp9WfibndnosbpwB1iJk/8Gt5ZF2bhS6+B6bPYz424KtwsR6Rflc3tCz1/ghX2dQ=="],

    "bun-types": ["bun-types@1.3.14", "", { "dependencies": { "@types/node": "*" } }, "sha512-4N0ig0fEomHt5R0KCFWjovxow98rIoRwKolrYdCcknNwMekCXRnWEUvgu5soYV8QXtVsrUD8B95MBOZGPvr6KQ=="],

    "entities": ["entities@7.0.1", "", {}, "sha512-TWrgLOFUQTH994YUyl1yT4uyavY5nNB5muff+RtWaqNVCAK408b5ZnnbNAUEWLTCpum9w6arT70i1XdQ4UeOPA=="],

    "happy-dom": ["happy-dom@20.11.2", "", { "dependencies": { "@types/node": ">=20.0.0", "@types/whatwg-mimetype": "^3.0.2", "@types/ws": "^8.18.1", "buffer-image-size": "^0.6.4", "entities": "^7.0.1", "whatwg-mimetype": "^3.0.0", "ws": "^8.21.0" } }, "sha512-7MB+bJLkxu3SowAfBJbjW+c55kNz5tkR45gu2qzrxznezhLeN5YIlJbwUgSzlGc+qWoZ8Ykg71H5ezz69xixrw=="],

    "moonspace": ["moonspace@workspace:moonspace"],

    "moonspace-dom": ["moonspace-dom@workspace:moonspace-dom"],

    "moonspace-theme": ["moonspace-theme@workspace:moonspace-theme"],

    "portless": ["portless@0.15.5", "", { "os": [ "linux", "win32", "darwin", ], "bin": { "portless": "dist/cli.js" } }, "sha512-zmJu4Q8/fY54oVUT/5NnmF4Ih8wTdCvCf6JCN783dRYl9mXkJBzXSckX2lztGCLIbM70varDjCudAbGKT73XPg=="],

    "typescript": ["typescript@5.9.3", "", { "bin": { "tsc": "bin/tsc", "tsserver": "bin/tsserver" } }, "sha512-jl1vZzPDinLr9eUt3J/t7V6FgNEw9QjvBPdysz9KfQDD41fQrC2Y4vKQdiaUpFT4bXlb1RHhLpp8wtm6M5TgSw=="],

    "undici-types": ["undici-types@8.3.0", "", {}, "sha512-j375ScV60dom+YkPFIfTLcOiPxkN/buHz5GobjLhixFuANaNs3C9l4GmrWqejgXWJ7BbJcFYpTEUkS1Ge8bpZQ=="],

    "visage-dom": ["visage-dom@workspace:visage-dom"],

    "visage-router": ["visage-router@workspace:visage-router"],

    "visage-style": ["visage-style@workspace:visage-style"],

    "whatwg-mimetype": ["whatwg-mimetype@3.0.0", "", {}, "sha512-nt+N2dzIutVRxARx1nghPKGv1xHikU7HKdfafKkLNLindmPU/ch3U31NOCGGA/dmPcmb1VlofO0vnKAcsm0o/Q=="],

    "ws": ["ws@8.21.3", "", { "peerDependencies": { "bufferutil": "^4.0.1", "utf-8-validate": ">=5.0.2" }, "optionalPeers": ["bufferutil", "utf-8-validate"] }, "sha512-201TZ/kPWxoPr/OKWjquZR1SWKXcvxdH+e1xrx89b3YbmzLMFCLfnaG1HFIgWzJOEWZ7MvpK++odZufgYR50Rw=="],
  }
}
